
Microsoft Visual Studio Solution File, Format Version 12.00
# Visual Studio Version 17
VisualStudioVersion = 17.6.33723.286
MinimumVisualStudioVersion = 10.0.40219.1
Project("{FAE04EC0-301F-11D3-BF4B-00C04F79EFBC}") = "MoonCalc", "MoonCalc.csproj", "{8CAB1C71-62E3-4DCF-ABF9-54D609053CB1}"
EndProject
Global
	GlobalSection(SolutionConfigurationPlatforms) = preSolution
		Debug|Any CPU = Debug|Any CPU
		Release|Any CPU = Release|Any CPU
	EndGlobalSection
	GlobalSection(ProjectConfigurationPlatforms) = postSolution
		{8CAB1C71-62E3-4DCF-ABF9-54D609053CB1}.Debug|Any CPU.ActiveCfg = Debug|Any CPU
		{8CAB1C71-62E3-4DCF-ABF9-54D609053CB1}.Debug|Any CPU.Build.0 = Debug|Any CPU
		{8CAB1C71-62E3-4DCF-ABF9-54D609053CB1}.Release|Any CPU.ActiveCfg = Release|Any CPU
		{8CAB1C71-62E3-4DCF-ABF9-54D609053CB1}.Release|Any CPU.Build.0 = Release|Any CPU
	EndGlobalSection
	GlobalSection(SolutionProperties) = preSolution
		HideSolutionNode = FALSE
	EndGlobalSection
	GlobalSection(ExtensibilityGlobals) = postSolution
		SolutionGuid = {7956B62A-AF10-4408-8F79-0240E3ABB833}
	EndGlobalSection
EndGlobal
